{
  "version": 4,
  "terraform_version": "1.7.4",
  "serial": 26,
  "lineage": "b451eb9a-b304-99f2-103f-6b06f0a75c3c",
  "outputs": {
    "gateway_url": {
      "value": "my-gateway-80t56s6u.uc.gateway.dev",
      "type": "string"
    },
    "redis_ip": {
      "value": "10.124.0.3",
      "type": "string"
    }
  },
  "resources": [
    {
      "mode": "managed",
      "type": "google_api_gateway_api",
      "name": "api",
      "provider": "provider[\"registry.terraform.io/hashicorp/google-beta\"]",
      "instances": [
        {
          "schema_version": 0,
          "attributes": {
            "api_id": "my-api",
            "create_time": "2024-03-14T13:24:20.846525452Z",
            "display_name": "my-api",
            "effective_labels": {},
            "id": "projects/vikraya-deployment/locations/global/apis/my-api",
            "labels": {},
            "managed_service": "my-api-06n5eogidlgnh.apigateway.vikraya-deployment.cloud.goog",
            "name": "projects/vikraya-deployment/locations/global/apis/my-api",
            "project": "vikraya-deployment",
            "terraform_labels": {},
            "timeouts": null
          },
          "sensitive_attributes": [],
          "private": "eyJlMmJmYjczMC1lY2FhLTExZTYtOGY4OC0zNDM2M2JjN2M0YzAiOnsiY3JlYXRlIjoxMjAwMDAwMDAwMDAwLCJkZWxldGUiOjEyMDAwMDAwMDAwMDAsInVwZGF0ZSI6MTIwMDAwMDAwMDAwMH19"
        }
      ]
    },
    {
      "mode": "managed",
      "type": "google_api_gateway_api_config",
      "name": "api_config",
      "provider": "provider[\"registry.terraform.io/hashicorp/google-beta\"]",
      "instances": [
        {
          "schema_version": 0,
          "attributes": {
            "api": "my-api",
            "api_config_id": "api-config",
            "api_config_id_prefix": null,
            "display_name": "api-config",
            "effective_labels": {},
            "gateway_config": [
              {
                "backend_config": [
                  {
                    "google_service_account": "gateway-api@vikraya-deployment.iam.gserviceaccount.com"
                  }
                ]
              }
            ],
            "grpc_services": [],
            "id": "projects/vikraya-deployment/locations/global/apis/my-api/configs/api-config",
            "labels": {},
            "managed_service_configs": [],
            "name": "projects/628675546422/locations/global/apis/my-api/configs/api-config",
            "openapi_documents": [
              {
                "document": [
                  {
                    "contents": "c3dhZ2dlcjogJzIuMCcKaW5mbzoKICB0aXRsZTogTGFuZ3NlYXJjaCBWZXJ0ZXggQUkgU2VhcmNoIEFQSQogIHZlcnNpb246IDEuMC4wCnBhdGhzOgogIC86CiAgICBnZXQ6CiAgICAgIHN1bW1hcnk6IFdlbGNvbWUgbWVzc2FnZQogICAgICBvcGVyYXRpb25JZDogZ3JlZXQgbWVzc2FnZQogICAgICByZXNwb25zZXM6CiAgICAgICAgJzIwMCc6CiAgICAgICAgICBkZXNjcmlwdGlvbjogV2VsY29tZSBtZXNzYWdlCiAgICAgICAgICBzY2hlbWE6CiAgICAgICAgICAgIHR5cGU6IG9iamVjdAogICAgICAgICAgICBwcm9wZXJ0aWVzOgogICAgICAgICAgICAgIHN0YXR1c19jb2RlOgogICAgICAgICAgICAgICAgdHlwZTogaW50ZWdlcgogICAgICAgICAgICAgICAgZXhhbXBsZTogMjAwCiAgICAgICAgICAgICAgbWVzc2FnZToKICAgICAgICAgICAgICAgIHR5cGU6IHN0cmluZwogICAgICAgICAgICAgICAgZXhhbXBsZTogIldFTENPTUUgVE8gTEFOR1NFQVJDSCBWRVJURVggQUkgU0VBUkNIIgogICAgICBzZWN1cml0eToKICAgICAgICAtIGFwaV9rZXk6IFtdCiAgL3F1ZXJ5OgogICAgZ2V0OgogICAgICBzdW1tYXJ5OiBTZWFyY2ggcHJvZHVjdHMKICAgICAgb3BlcmF0aW9uSWQ6ICBzZWFyY2ggcHJvZHVjdHMKICAgICAgcGFyYW1ldGVyczoKICAgICAgICAtIG5hbWU6IHF1ZXJ5CiAgICAgICAgICBpbjogcXVlcnkKICAgICAgICAgIHJlcXVpcmVkOiB0cnVlCiAgICAgICAgICB0eXBlOiBzdHJpbmcKICAgICAgcmVzcG9uc2VzOgogICAgICAgICcyMDAnOgogICAgICAgICAgZGVzY3JpcHRpb246IFNlYXJjaCByZXN1bHRzCiAgICAgICAgICBzY2hlbWE6CiAgICAgICAgICAgIHR5cGU6IGFycmF5CiAgICAgICAgICAgIGl0ZW1zOgogICAgICAgICAgICAgIHR5cGU6IG9iamVjdAogICAgICAgICAgICAgIHByb3BlcnRpZXM6CiAgICAgICAgICAgICAgICBpZDoKICAgICAgICAgICAgICAgICAgdHlwZTogc3RyaW5nCiAgICAgICAgICAgICAgICBwcm9kdWN0X25hbWU6CiAgICAgICAgICAgICAgICAgIHR5cGU6IHN0cmluZwogICAgICAgICAgICAgICAgY2F0ZWdvcnk6CiAgICAgICAgICAgICAgICAgIHR5cGU6IHN0cmluZwogICAgICAgICAgICAgICAgcHJpY2U6CiAgICAgICAgICAgICAgICAgIHR5cGU6IG51bWJlcgogICAgICBzZWN1cml0eToKICAgICAgICAtIGFwaV9rZXk6IFtdCnNjaGVtZXM6CiAgLSBodHRwcwp4LWdvb2dsZS1iYWNrZW5kOgogICBhZGRyZXNzOiBodHRwczovL3ZlY3Rvci1zZWFyY2gtYXBpLXNlcnZpY2UteDJzZW1kaDQ2YS11Yy5hLnJ1bi5hcHAKc2VjdXJpdHlEZWZpbml0aW9uczoKICBhcGlfa2V5OgogICAgdHlwZTogYXBpS2V5CiAgICBuYW1lOiBrZXkKICAgIGluOiBxdWVyeQ==",
                    "path": "openapi.yaml"
                  }
                ]
              }
            ],
            "project": "vikraya-deployment",
            "service_config_id": "api-config-3abo0quvp794l",
            "terraform_labels": {},
            "timeouts": null
          },
          "sensitive_attributes": [],
          "private": "eyJlMmJmYjczMC1lY2FhLTExZTYtOGY4OC0zNDM2M2JjN2M0YzAiOnsiY3JlYXRlIjoxMjAwMDAwMDAwMDAwLCJkZWxldGUiOjEyMDAwMDAwMDAwMDAsInVwZGF0ZSI6MTIwMDAwMDAwMDAwMH19",
          "dependencies": [
            "google_api_gateway_api.api",
            "google_cloud_run_service.vector_search_api_service",
            "google_service_account.gateway_api",
            "google_service_account.vector_search_api"
          ]
        }
      ]
    },
    {
      "mode": "managed",
      "type": "google_api_gateway_gateway",
      "name": "gateway",
      "provider": "provider[\"registry.terraform.io/hashicorp/google-beta\"]",
      "instances": [
        {
          "schema_version": 0,
          "attributes": {
            "api_config": "projects/628675546422/locations/global/apis/my-api/configs/api-config",
            "default_hostname": "my-gateway-80t56s6u.uc.gateway.dev",
            "display_name": "my-gateway",
            "effective_labels": {
              "env": "prod"
            },
            "gateway_id": "my-gateway",
            "id": "projects/vikraya-deployment/locations/us-central1/gateways/my-gateway",
            "labels": {
              "env": "prod"
            },
            "name": "projects/vikraya-deployment/locations/us-central1/gateways/my-gateway",
            "project": "vikraya-deployment",
            "region": "us-central1",
            "terraform_labels": {
              "env": "prod"
            },
            "timeouts": null
          },
          "sensitive_attributes": [],
          "private": "eyJlMmJmYjczMC1lY2FhLTExZTYtOGY4OC0zNDM2M2JjN2M0YzAiOnsiY3JlYXRlIjoxMjAwMDAwMDAwMDAwLCJkZWxldGUiOjEyMDAwMDAwMDAwMDAsInVwZGF0ZSI6MTIwMDAwMDAwMDAwMH19",
          "dependencies": [
            "google_api_gateway_api.api",
            "google_api_gateway_api_config.api_config",
            "google_cloud_run_service.vector_search_api_service",
            "google_service_account.gateway_api",
            "google_service_account.vector_search_api"
          ]
        }
      ]
    },
    {
      "mode": "managed",
      "type": "google_cloud_run_service",
      "name": "vector_search_api_service",
      "provider": "provider[\"registry.terraform.io/hashicorp/google\"]",
      "instances": [
        {
          "schema_version": 2,
          "attributes": {
            "autogenerate_revision_name": true,
            "id": "locations/us-central1/namespaces/vikraya-deployment/services/vector-search-api-service",
            "location": "us-central1",
            "metadata": [
              {
                "annotations": {},
                "effective_annotations": {
                  "run.googleapis.com/ingress": "all",
                  "run.googleapis.com/ingress-status": "all",
                  "run.googleapis.com/operation-id": "b132e615-fc02-4121-a28d-58bdbfa05ddf",
                  "serving.knative.dev/creator": "gudikotieswarmani@gmail.com",
                  "serving.knative.dev/lastModifier": "gudikotieswarmani@gmail.com"
                },
                "effective_labels": {
                  "cloud.googleapis.com/location": "us-central1"
                },
                "generation": 1,
                "labels": {},
                "namespace": "vikraya-deployment",
                "resource_version": "AAYTntYNr1M",
                "self_link": "/apis/serving.knative.dev/v1/namespaces/628675546422/services/vector-search-api-service",
                "terraform_labels": {},
                "uid": "50d93e51-a342-4b8f-b4d4-14e2cb0e37d9"
              }
            ],
            "name": "vector-search-api-service",
            "project": "vikraya-deployment",
            "status": [
              {
                "conditions": [
                  {
                    "message": "",
                    "reason": "",
                    "status": "True",
                    "type": "Ready"
                  },
                  {
                    "message": "",
                    "reason": "",
                    "status": "True",
                    "type": "ConfigurationsReady"
                  },
                  {
                    "message": "",
                    "reason": "",
                    "status": "True",
                    "type": "RoutesReady"
                  }
                ],
                "latest_created_revision_name": "vector-search-api-service-00001-gn6",
                "latest_ready_revision_name": "vector-search-api-service-00001-gn6",
                "observed_generation": 1,
                "traffic": [
                  {
                    "latest_revision": true,
                    "percent": 100,
                    "revision_name": "vector-search-api-service-00001-gn6",
                    "tag": "",
                    "url": ""
                  }
                ],
                "url": "https://vector-search-api-service-x2semdh46a-uc.a.run.app"
              }
            ],
            "template": [
              {
                "metadata": [
                  {
                    "annotations": {
                      "autoscaling.knative.dev/maxScale": "3"
                    },
                    "generation": 0,
                    "labels": {
                      "run.googleapis.com/startupProbeType": "Default"
                    },
                    "name": "",
                    "namespace": "",
                    "resource_version": "",
                    "self_link": "",
                    "uid": ""
                  }
                ],
                "spec": [
                  {
                    "container_concurrency": 80,
                    "containers": [
                      {
                        "args": [],
                        "command": [],
                        "env": [],
                        "env_from": [],
                        "image": "us-docker.pkg.dev/vikraya-deployment/vikraya-deployment/vector-search-api",
                        "liveness_probe": [],
                        "name": "",
                        "ports": [
                          {
                            "container_port": 8080,
                            "name": "http1",
                            "protocol": ""
                          }
                        ],
                        "resources": [
                          {
                            "limits": {
                              "cpu": "1000m",
                              "memory": "512Mi"
                            },
                            "requests": {}
                          }
                        ],
                        "startup_probe": [
                          {
                            "failure_threshold": 1,
                            "grpc": [],
                            "http_get": [],
                            "initial_delay_seconds": 0,
                            "period_seconds": 240,
                            "tcp_socket": [
                              {
                                "port": 8080
                              }
                            ],
                            "timeout_seconds": 240
                          }
                        ],
                        "volume_mounts": [],
                        "working_dir": ""
                      }
                    ],
                    "service_account_name": "vector-search-api@vikraya-deployment.iam.gserviceaccount.com",
                    "serving_state": "",
                    "timeout_seconds": 300,
                    "volumes": []
                  }
                ]
              }
            ],
            "timeouts": null,
            "traffic": [
              {
                "latest_revision": true,
                "percent": 100,
                "revision_name": "",
                "tag": "",
                "url": ""
              }
            ]
          },
          "sensitive_attributes": [],
          "private": "eyJlMmJmYjczMC1lY2FhLTExZTYtOGY4OC0zNDM2M2JjN2M0YzAiOnsiY3JlYXRlIjoxMjAwMDAwMDAwMDAwLCJkZWxldGUiOjEyMDAwMDAwMDAwMDAsInVwZGF0ZSI6MTIwMDAwMDAwMDAwMH0sInNjaGVtYV92ZXJzaW9uIjoiMiJ9",
          "dependencies": [
            "google_service_account.vector_search_api"
          ]
        }
      ]
    },
    {
      "mode": "managed",
      "type": "google_cloud_run_service_iam_member",
      "name": "vector_search_api_service_invoker",
      "provider": "provider[\"registry.terraform.io/hashicorp/google\"]",
      "instances": [
        {
          "schema_version": 0,
          "attributes": {
            "condition": [],
            "etag": "BwYTnta+pB4=",
            "id": "v1/projects/vikraya-deployment/locations/us-central1/services/vector-search-api-service/roles/run.invoker/serviceAccount:gateway-api@vikraya-deployment.iam.gserviceaccount.com",
            "location": "us-central1",
            "member": "serviceAccount:gateway-api@vikraya-deployment.iam.gserviceaccount.com",
            "project": "vikraya-deployment",
            "role": "roles/run.invoker",
            "service": "v1/projects/vikraya-deployment/locations/us-central1/services/vector-search-api-service"
          },
          "sensitive_attributes": [],
          "private": "bnVsbA==",
          "dependencies": [
            "google_cloud_run_service.vector_search_api_service",
            "google_service_account.gateway_api",
            "google_service_account.vector_search_api"
          ]
        }
      ]
    },
    {
      "mode": "managed",
      "type": "google_compute_global_address",
      "name": "private_ip_address",
      "provider": "provider[\"registry.terraform.io/hashicorp/google\"]",
      "instances": [
        {
          "schema_version": 0,
          "attributes": {
            "address": "10.124.0.0",
            "address_type": "INTERNAL",
            "creation_timestamp": "2024-03-14T06:24:39.814-07:00",
            "description": "",
            "id": "projects/vikraya-deployment/global/addresses/private-ip-address",
            "ip_version": "",
            "name": "private-ip-address",
            "network": "https://www.googleapis.com/compute/v1/projects/vikraya-deployment/global/networks/vikraya-network",
            "prefix_length": 16,
            "project": "vikraya-deployment",
            "purpose": "VPC_PEERING",
            "self_link": "https://www.googleapis.com/compute/v1/projects/vikraya-deployment/global/addresses/private-ip-address",
            "timeouts": null
          },
          "sensitive_attributes": [],
          "private": "eyJlMmJmYjczMC1lY2FhLTExZTYtOGY4OC0zNDM2M2JjN2M0YzAiOnsiY3JlYXRlIjoxMjAwMDAwMDAwMDAwLCJkZWxldGUiOjEyMDAwMDAwMDAwMDB9fQ==",
          "dependencies": [
            "google_compute_network.vikraya_network"
          ]
        }
      ]
    },
    {
      "mode": "managed",
      "type": "google_compute_network",
      "name": "vikraya_network",
      "provider": "provider[\"registry.terraform.io/hashicorp/google\"]",
      "instances": [
        {
          "schema_version": 0,
          "attributes": {
            "auto_create_subnetworks": false,
            "delete_default_routes_on_create": false,
            "description": "",
            "enable_ula_internal_ipv6": false,
            "gateway_ipv4": "",
            "id": "projects/vikraya-deployment/global/networks/vikraya-network",
            "internal_ipv6_range": "",
            "mtu": 0,
            "name": "vikraya-network",
            "network_firewall_policy_enforcement_order": "AFTER_CLASSIC_FIREWALL",
            "numeric_id": "580442911684904046",
            "project": "vikraya-deployment",
            "routing_mode": "REGIONAL",
            "self_link": "https://www.googleapis.com/compute/v1/projects/vikraya-deployment/global/networks/vikraya-network",
            "timeouts": null
          },
          "sensitive_attributes": [],
          "private": "eyJlMmJmYjczMC1lY2FhLTExZTYtOGY4OC0zNDM2M2JjN2M0YzAiOnsiY3JlYXRlIjoxMjAwMDAwMDAwMDAwLCJkZWxldGUiOjEyMDAwMDAwMDAwMDAsInVwZGF0ZSI6MTIwMDAwMDAwMDAwMH19"
        }
      ]
    },
    {
      "mode": "managed",
      "type": "google_compute_subnetwork",
      "name": "subnet",
      "provider": "provider[\"registry.terraform.io/hashicorp/google\"]",
      "instances": [
        {
          "index_key": 0,
          "schema_version": 0,
          "attributes": {
            "creation_timestamp": "2024-03-14T06:24:46.540-07:00",
            "description": "",
            "external_ipv6_prefix": "",
            "fingerprint": null,
            "gateway_address": "192.168.1.1",
            "id": "projects/vikraya-deployment/regions/asia-south2/subnetworks/subnet-asia",
            "internal_ipv6_prefix": "",
            "ip_cidr_range": "192.168.1.0/25",
            "ipv6_access_type": "",
            "ipv6_cidr_range": "",
            "log_config": [],
            "name": "subnet-asia",
            "network": "https://www.googleapis.com/compute/v1/projects/vikraya-deployment/global/networks/vikraya-network",
            "private_ip_google_access": true,
            "private_ipv6_google_access": "DISABLE_GOOGLE_ACCESS",
            "project": "vikraya-deployment",
            "purpose": "PRIVATE",
            "region": "asia-south2",
            "role": "",
            "secondary_ip_range": [
              {
                "ip_cidr_range": "172.16.1.0/24",
                "range_name": "services"
              },
              {
                "ip_cidr_range": "172.16.2.0/24",
                "range_name": "pods"
              },
              {
                "ip_cidr_range": "10.214.64.0/20",
                "range_name": "gke-cluster-asia-services-dae784fd"
              },
              {
                "ip_cidr_range": "10.168.0.0/14",
                "range_name": "gke-cluster-asia-pods-dae784fd"
              }
            ],
            "self_link": "https://www.googleapis.com/compute/v1/projects/vikraya-deployment/regions/asia-south2/subnetworks/subnet-asia",
            "stack_type": "IPV4_ONLY",
            "timeouts": null
          },
          "sensitive_attributes": [],
          "private": "eyJlMmJmYjczMC1lY2FhLTExZTYtOGY4OC0zNDM2M2JjN2M0YzAiOnsiY3JlYXRlIjoxMjAwMDAwMDAwMDAwLCJkZWxldGUiOjEyMDAwMDAwMDAwMDAsInVwZGF0ZSI6MTIwMDAwMDAwMDAwMH19",
          "dependencies": [
            "google_compute_network.vikraya_network"
          ]
        },
        {
          "index_key": 1,
          "schema_version": 0,
          "attributes": {
            "creation_timestamp": "2024-03-14T06:24:41.203-07:00",
            "description": "",
            "external_ipv6_prefix": "",
            "fingerprint": null,
            "gateway_address": "192.168.2.1",
            "id": "projects/vikraya-deployment/regions/us-central1/subnetworks/subnet-us",
            "internal_ipv6_prefix": "",
            "ip_cidr_range": "192.168.2.0/25",
            "ipv6_access_type": "",
            "ipv6_cidr_range": "",
            "log_config": [],
            "name": "subnet-us",
            "network": "https://www.googleapis.com/compute/v1/projects/vikraya-deployment/global/networks/vikraya-network",
            "private_ip_google_access": true,
            "private_ipv6_google_access": "DISABLE_GOOGLE_ACCESS",
            "project": "vikraya-deployment",
            "purpose": "PRIVATE",
            "region": "us-central1",
            "role": "",
            "secondary_ip_range": [
              {
                "ip_cidr_range": "172.16.3.0/24",
                "range_name": "services"
              },
              {
                "ip_cidr_range": "172.16.4.0/24",
                "range_name": "pods"
              },
              {
                "ip_cidr_range": "10.208.0.0/14",
                "range_name": "gke-cluster-us-pods-de2a63e6"
              },
              {
                "ip_cidr_range": "10.212.0.0/20",
                "range_name": "gke-cluster-us-services-de2a63e6"
              }
            ],
            "self_link": "https://www.googleapis.com/compute/v1/projects/vikraya-deployment/regions/us-central1/subnetworks/subnet-us",
            "stack_type": "IPV4_ONLY",
            "timeouts": null
          },
          "sensitive_attributes": [],
          "private": "eyJlMmJmYjczMC1lY2FhLTExZTYtOGY4OC0zNDM2M2JjN2M0YzAiOnsiY3JlYXRlIjoxMjAwMDAwMDAwMDAwLCJkZWxldGUiOjEyMDAwMDAwMDAwMDAsInVwZGF0ZSI6MTIwMDAwMDAwMDAwMH19",
          "dependencies": [
            "google_compute_network.vikraya_network"
          ]
        }
      ]
    },
    {
      "mode": "managed",
      "type": "google_container_cluster",
      "name": "cluster1",
      "provider": "provider[\"registry.terraform.io/hashicorp/google\"]",
      "instances": [
        {
          "schema_version": 2,
          "attributes": {
            "addons_config": [
              {
                "cloudrun_config": [],
                "config_connector_config": [],
                "dns_cache_config": [],
                "gce_persistent_disk_csi_driver_config": [
                  {
                    "enabled": true
                  }
                ],
                "gcp_filestore_csi_driver_config": [],
                "gcs_fuse_csi_driver_config": [],
                "gke_backup_agent_config": [],
                "horizontal_pod_autoscaling": [
                  {
                    "disabled": false
                  }
                ],
                "http_load_balancing": [
                  {
                    "disabled": false
                  }
                ],
                "network_policy_config": [
                  {
                    "disabled": true
                  }
                ]
              }
            ],
            "allow_net_admin": null,
            "authenticator_groups_config": [],
            "binary_authorization": [
              {
                "enabled": false,
                "evaluation_mode": ""
              }
            ],
            "cluster_autoscaling": [
              {
                "auto_provisioning_defaults": [],
                "autoscaling_profile": "BALANCED",
                "enabled": false,
                "resource_limits": []
              }
            ],
            "cluster_ipv4_cidr": "10.168.0.0/14",
            "confidential_nodes": [],
            "cost_management_config": [],
            "database_encryption": [
              {
                "key_name": "",
                "state": "DECRYPTED"
              }
            ],
            "datapath_provider": "",
            "default_max_pods_per_node": 110,
            "default_snat_status": [
              {
                "disabled": false
              }
            ],
            "deletion_protection": true,
            "description": "",
            "dns_config": [],
            "enable_autopilot": false,
            "enable_intranode_visibility": false,
            "enable_k8s_beta_apis": [],
            "enable_kubernetes_alpha": false,
            "enable_l4_ilb_subsetting": false,
            "enable_legacy_abac": false,
            "enable_shielded_nodes": true,
            "enable_tpu": false,
            "endpoint": "34.131.157.106",
            "fleet": [],
            "gateway_api_config": [
              {
                "channel": "CHANNEL_STANDARD"
              }
            ],
            "id": "projects/vikraya-deployment/locations/asia-south2-a/clusters/cluster-asia",
            "identity_service_config": [],
            "initial_node_count": 1,
            "ip_allocation_policy": [
              {
                "additional_pod_ranges_config": [],
                "cluster_ipv4_cidr_block": "10.168.0.0/14",
                "cluster_secondary_range_name": "gke-cluster-asia-pods-dae784fd",
                "pod_cidr_overprovision_config": [
                  {
                    "disabled": false
                  }
                ],
                "services_ipv4_cidr_block": "10.214.64.0/20",
                "services_secondary_range_name": "gke-cluster-asia-services-dae784fd",
                "stack_type": "IPV4"
              }
            ],
            "label_fingerprint": "a9dc16a7",
            "location": "asia-south2-a",
            "logging_config": [
              {
                "enable_components": [
                  "SYSTEM_COMPONENTS",
                  "WORKLOADS"
                ]
              }
            ],
            "logging_service": "logging.googleapis.com/kubernetes",
            "maintenance_policy": [],
            "master_auth": [
              {
                "client_certificate": "",
                "client_certificate_config": [
                  {
                    "issue_client_certificate": false
                  }
                ],
                "client_key": "",
                "cluster_ca_certificate": "LS0tLS1CRUdJTiBDRVJUSUZJQ0FURS0tLS0tCk1JSUVMVENDQXBXZ0F3SUJBZ0lSQUlOVHJhNCtCbSsrMG5ndHNhR1gxVjB3RFFZSktvWklodmNOQVFFTEJRQXcKTHpFdE1Dc0dBMVVFQXhNa01EbGtZV1poTUdNdE16Wm1aaTAwTTJVNUxUazRPV1V0WXprMk5XWTNaakEzWkRKaApNQ0FYRFRJME1ETXhOREV5TWpVMU0xb1lEekl3TlRRd016QTNNVE15TlRVeldqQXZNUzB3S3dZRFZRUURFeVF3Ck9XUmhabUV3WXkwek5tWm1MVFF6WlRrdE9UZzVaUzFqT1RZMVpqZG1NRGRrTW1Fd2dnR2lNQTBHQ1NxR1NJYjMKRFFFQkFRVUFBNElCandBd2dnR0tBb0lCZ1FETDBtNHZUdWQ1K1krOEdCM212QWROQmRKVnVtb29GOHR0cUkzWgpsQ0kzTVVOVm50VFBWMzczQnpEbUhsaVlyNHlGY2tWdTVzR0JCVzBaSDNMWjRNaXR2ZTlIYzMxOHFhQWVMNGloCmtReXdIUDgzRkxZSzBOVkdzclh2ZGdCbFpqVDNIVDlZM2RBQ3lSSTdZRzJWdVE5UlhuV0N4RTRXQUFTNnQzL3cKV3lya1U0T0R0MEh6YkhsamFJYktTZ0VHSFJmT0ZDeURKL1p0V0wzMVBwYXQvbzRRWnMzc2xLd0xvaHV0c3hRdgo2bE5ub1lNamRSN3JIMjdQalFqMTJKbVZJWkJSSE45cG1ZaE0wU3REdURSRWZQNGxWcE15bGQ4MitVVHY0dmFICkU5amx5aWZiVUhWVEc0bHAwN1c2WCtldkZwRGxkUzY4dzVaeHFQL21FRlFHSXZsb0J6d0wzbTNCQSs3SUJ3VkMKcFdWanR3cnpEdFArZDgyR1NaN1FSWnZGRjVHK0xvekxTWjdWTkJxc25NdHM0R0pIK0NZN0lUbHA3RVA0bVcwKwo5WmhUdmk4M09mM1AzZkdSYWpjV2RnYmpDZUJRVUQ5VjBlZmJsNmhmamlleUlwMzRsZzFVMXNxUFVWUE1nT1dFCnZWOXFycVhQekdWbGwvOFVlNmE1K081YmF2OENBd0VBQWFOQ01FQXdEZ1lEVlIwUEFRSC9CQVFEQWdJRU1BOEcKQTFVZEV3RUIvd1FGTUFNQkFmOHdIUVlEVlIwT0JCWUVGR01aajhSWHY3NzdjZ0R2TjhwWWZUcmZPWWFzTUEwRwpDU3FHU0liM0RRRUJDd1VBQTRJQmdRQWdMSFhjVHMxdG5tTEF2MnpJL1l6M2hINUNCbHRaMTBQVHpaWnprTFp3CjhmcmxYdUJYek4zYzBNRHpiVFF5OGFSdVlCZUFvMHhORE9wQzhmK1lQcDNTK0MrZjhHNU1nbzl5YzdhT0NoSWIKMUovcCtBK0pKbG41ajhmc0Y3bDJPWlU4WUZWYlJpd1Zhb3hTNFVJbEwrYXJic3BFNWR5YThFTXhuL1NzQ0p5WQp3VUo3V1c2dFVtMTdpcm0yWGNPQkNFYzBIcGdpR0JqbzdIZnlIZ3I2dldTRTd3Q2tXRE4yczJvakFmYmF2ODlJCnBPOWlVbGI4blhKWGJWUnFxQkU4cGJ3NVRoZHVrRTFGZEtEOGlPSUZjUmMrVVMvdnRYRTBqWXNSdjNra1oxUFgKY2cyNVZzQUFkOXd0aENsZVlrTU4zU00vaTM5VUZUYTl0dUZSSkdyNVhDS2ZBWmdJRGVaenFOSU9VK3NtSmE5MQo3c0U1cHVwQlQ3SFRtNmlrODdLejJ3Vjd1RDd4L1ZEbG5UTjhoQTN6UUt5SU91K1hHTGdIUnk0VHplZzdRNGczCm9NdWhIZ2xnMW1ZaGJrL09TT24xckVCaFkwejFWcExzSkczeFp0eGR3eHdBdTBua1Q5eGhhSFVvUVdmMjd6YVcKNnBGdFRYdzdKbFN5TVN1MEM5bTRnekk9Ci0tLS0tRU5EIENFUlRJRklDQVRFLS0tLS0K"
              }
            ],
            "master_authorized_networks_config": [],
            "master_version": "1.27.8-gke.1067004",
            "mesh_certificates": [],
            "min_master_version": null,
            "monitoring_config": [
              {
                "advanced_datapath_observability_config": [
                  {
                    "enable_metrics": false,
                    "enable_relay": false,
                    "relay_mode": "DISABLED"
                  }
                ],
                "enable_components": [
                  "SYSTEM_COMPONENTS"
                ],
                "managed_prometheus": [
                  {
                    "enabled": true
                  }
                ]
              }
            ],
            "monitoring_service": "monitoring.googleapis.com/kubernetes",
            "name": "cluster-asia",
            "network": "projects/vikraya-deployment/global/networks/vikraya-network",
            "network_policy": [
              {
                "enabled": false,
                "provider": "PROVIDER_UNSPECIFIED"
              }
            ],
            "networking_mode": "VPC_NATIVE",
            "node_config": [
              {
                "advanced_machine_features": [],
                "boot_disk_kms_key": "",
                "confidential_nodes": [],
                "disk_size_gb": 100,
                "disk_type": "pd-standard",
                "effective_taints": [],
                "enable_confidential_storage": false,
                "ephemeral_storage_local_ssd_config": [],
                "fast_socket": [],
                "gcfs_config": [],
                "guest_accelerator": [],
                "gvnic": [],
                "host_maintenance_policy": [],
                "image_type": "COS_CONTAINERD",
                "kubelet_config": [],
                "labels": {},
                "linux_node_config": [],
                "local_nvme_ssd_block_config": [],
                "local_ssd_count": 0,
                "logging_variant": "DEFAULT",
                "machine_type": "e2-medium",
                "metadata": {
                  "disable-legacy-endpoints": "true"
                },
                "min_cpu_platform": "",
                "node_group": "",
                "oauth_scopes": [
                  "https://www.googleapis.com/auth/cloud-platform"
                ],
                "preemptible": false,
                "reservation_affinity": [],
                "resource_labels": {},
                "resource_manager_tags": {},
                "service_account": "default",
                "shielded_instance_config": [
                  {
                    "enable_integrity_monitoring": true,
                    "enable_secure_boot": false
                  }
                ],
                "sole_tenant_config": [],
                "spot": false,
                "tags": [],
                "taint": [],
                "workload_metadata_config": []
              }
            ],
            "node_locations": [],
            "node_pool": [
              {
                "autoscaling": [],
                "initial_node_count": 1,
                "instance_group_urls": [
                  "https://www.googleapis.com/compute/v1/projects/vikraya-deployment/zones/asia-south2-a/instanceGroupManagers/gke-cluster-asia-default-pool-659628c9-grp"
                ],
                "managed_instance_group_urls": [
                  "https://www.googleapis.com/compute/v1/projects/vikraya-deployment/zones/asia-south2-a/instanceGroups/gke-cluster-asia-default-pool-659628c9-grp"
                ],
                "management": [
                  {
                    "auto_repair": true,
                    "auto_upgrade": true
                  }
                ],
                "max_pods_per_node": 110,
                "name": "default-pool",
                "name_prefix": "",
                "network_config": [
                  {
                    "create_pod_range": false,
                    "enable_private_nodes": false,
                    "network_performance_config": [],
                    "pod_cidr_overprovision_config": [],
                    "pod_ipv4_cidr_block": "10.168.0.0/14",
                    "pod_range": "gke-cluster-asia-pods-dae784fd"
                  }
                ],
                "node_config": [
                  {
                    "advanced_machine_features": [],
                    "boot_disk_kms_key": "",
                    "confidential_nodes": [],
                    "disk_size_gb": 100,
                    "disk_type": "pd-standard",
                    "effective_taints": [],
                    "enable_confidential_storage": false,
                    "ephemeral_storage_local_ssd_config": [],
                    "fast_socket": [],
                    "gcfs_config": [],
                    "guest_accelerator": [],
                    "gvnic": [],
                    "host_maintenance_policy": [],
                    "image_type": "COS_CONTAINERD",
                    "kubelet_config": [],
                    "labels": {},
                    "linux_node_config": [],
                    "local_nvme_ssd_block_config": [],
                    "local_ssd_count": 0,
                    "logging_variant": "DEFAULT",
                    "machine_type": "e2-medium",
                    "metadata": {
                      "disable-legacy-endpoints": "true"
                    },
                    "min_cpu_platform": "",
                    "node_group": "",
                    "oauth_scopes": [
                      "https://www.googleapis.com/auth/cloud-platform"
                    ],
                    "preemptible": false,
                    "reservation_affinity": [],
                    "resource_labels": {},
                    "resource_manager_tags": {},
                    "service_account": "default",
                    "shielded_instance_config": [
                      {
                        "enable_integrity_monitoring": true,
                        "enable_secure_boot": false
                      }
                    ],
                    "sole_tenant_config": [],
                    "spot": false,
                    "tags": [],
                    "taint": [],
                    "workload_metadata_config": []
                  }
                ],
                "node_count": 1,
                "node_locations": [
                  "asia-south2-a"
                ],
                "placement_policy": [],
                "upgrade_settings": [
                  {
                    "blue_green_settings": [],
                    "max_surge": 1,
                    "max_unavailable": 0,
                    "strategy": "SURGE"
                  }
                ],
                "version": "1.27.8-gke.1067004"
              }
            ],
            "node_pool_auto_config": [],
            "node_pool_defaults": [
              {
                "node_config_defaults": [
                  {
                    "logging_variant": "DEFAULT"
                  }
                ]
              }
            ],
            "node_version": "1.27.8-gke.1067004",
            "notification_config": [
              {
                "pubsub": [
                  {
                    "enabled": false,
                    "filter": [],
                    "topic": ""
                  }
                ]
              }
            ],
            "operation": null,
            "private_cluster_config": [
              {
                "enable_private_endpoint": false,
                "enable_private_nodes": false,
                "master_global_access_config": [
                  {
                    "enabled": false
                  }
                ],
                "master_ipv4_cidr_block": "",
                "peering_name": "",
                "private_endpoint": "192.168.1.2",
                "private_endpoint_subnetwork": "",
                "public_endpoint": "34.131.157.106"
              }
            ],
            "private_ipv6_google_access": "",
            "project": "vikraya-deployment",
            "release_channel": [
              {
                "channel": "REGULAR"
              }
            ],
            "remove_default_node_pool": null,
            "resource_labels": {},
            "resource_usage_export_config": [],
            "security_posture_config": [
              {
                "mode": "BASIC",
                "vulnerability_mode": "VULNERABILITY_MODE_UNSPECIFIED"
              }
            ],
            "self_link": "https://container.googleapis.com/v1/projects/vikraya-deployment/zones/asia-south2-a/clusters/cluster-asia",
            "service_external_ips_config": [
              {
                "enabled": false
              }
            ],
            "services_ipv4_cidr": "10.214.64.0/20",
            "subnetwork": "projects/vikraya-deployment/regions/asia-south2/subnetworks/subnet-asia",
            "timeouts": null,
            "tpu_ipv4_cidr_block": "",
            "vertical_pod_autoscaling": [],
            "workload_identity_config": []
          },
          "sensitive_attributes": [],
          "private": "eyJlMmJmYjczMC1lY2FhLTExZTYtOGY4OC0zNDM2M2JjN2M0YzAiOnsiY3JlYXRlIjoyNDAwMDAwMDAwMDAwLCJkZWxldGUiOjI0MDAwMDAwMDAwMDAsInJlYWQiOjI0MDAwMDAwMDAwMDAsInVwZGF0ZSI6MzYwMDAwMDAwMDAwMH0sInNjaGVtYV92ZXJzaW9uIjoiMiJ9",
          "dependencies": [
            "google_compute_network.vikraya_network",
            "google_compute_subnetwork.subnet"
          ]
        }
      ]
    },
    {
      "mode": "managed",
      "type": "google_container_cluster",
      "name": "cluster2",
      "provider": "provider[\"registry.terraform.io/hashicorp/google\"]",
      "instances": [
        {
          "schema_version": 2,
          "attributes": {
            "addons_config": [
              {
                "cloudrun_config": [],
                "config_connector_config": [],
                "dns_cache_config": [],
                "gce_persistent_disk_csi_driver_config": [
                  {
                    "enabled": true
                  }
                ],
                "gcp_filestore_csi_driver_config": [],
                "gcs_fuse_csi_driver_config": [],
                "gke_backup_agent_config": [],
                "horizontal_pod_autoscaling": [
                  {
                    "disabled": false
                  }
                ],
                "http_load_balancing": [
                  {
                    "disabled": false
                  }
                ],
                "network_policy_config": [
                  {
                    "disabled": true
                  }
                ]
              }
            ],
            "allow_net_admin": null,
            "authenticator_groups_config": [],
            "binary_authorization": [
              {
                "enabled": false,
                "evaluation_mode": ""
              }
            ],
            "cluster_autoscaling": [
              {
                "auto_provisioning_defaults": [],
                "autoscaling_profile": "BALANCED",
                "enabled": false,
                "resource_limits": []
              }
            ],
            "cluster_ipv4_cidr": "10.208.0.0/14",
            "confidential_nodes": [],
            "cost_management_config": [],
            "database_encryption": [
              {
                "key_name": "",
                "state": "DECRYPTED"
              }
            ],
            "datapath_provider": "",
            "default_max_pods_per_node": 110,
            "default_snat_status": [
              {
                "disabled": false
              }
            ],
            "deletion_protection": true,
            "description": "",
            "dns_config": [],
            "enable_autopilot": false,
            "enable_intranode_visibility": false,
            "enable_k8s_beta_apis": [],
            "enable_kubernetes_alpha": false,
            "enable_l4_ilb_subsetting": false,
            "enable_legacy_abac": false,
            "enable_shielded_nodes": true,
            "enable_tpu": false,
            "endpoint": "34.132.129.196",
            "fleet": [],
            "gateway_api_config": [],
            "id": "projects/vikraya-deployment/locations/us-central1-a/clusters/cluster-us",
            "identity_service_config": [],
            "initial_node_count": 1,
            "ip_allocation_policy": [
              {
                "additional_pod_ranges_config": [],
                "cluster_ipv4_cidr_block": "10.208.0.0/14",
                "cluster_secondary_range_name": "gke-cluster-us-pods-de2a63e6",
                "pod_cidr_overprovision_config": [
                  {
                    "disabled": false
                  }
                ],
                "services_ipv4_cidr_block": "10.212.0.0/20",
                "services_secondary_range_name": "gke-cluster-us-services-de2a63e6",
                "stack_type": "IPV4"
              }
            ],
            "label_fingerprint": "a9dc16a7",
            "location": "us-central1-a",
            "logging_config": [
              {
                "enable_components": [
                  "SYSTEM_COMPONENTS",
                  "WORKLOADS"
                ]
              }
            ],
            "logging_service": "logging.googleapis.com/kubernetes",
            "maintenance_policy": [],
            "master_auth": [
              {
                "client_certificate": "",
                "client_certificate_config": [
                  {
                    "issue_client_certificate": false
                  }
                ],
                "client_key": "",
                "cluster_ca_certificate": "LS0tLS1CRUdJTiBDRVJUSUZJQ0FURS0tLS0tCk1JSUVMRENDQXBTZ0F3SUJBZ0lRVFYvbFd0aHkvTytITEI3a2ZFTmYyREFOQmdrcWhraUc5dzBCQVFzRkFEQXYKTVMwd0t3WURWUVFERXlRd09UUTVZalZqWmkwME5UVXpMVFJsWkRJdFlUWTBOUzFsWVRRM1ltSTFNMk5oTldRdwpJQmNOTWpRd016RTBNVEl5TlRBNFdoZ1BNakExTkRBek1EY3hNekkxTURoYU1DOHhMVEFyQmdOVkJBTVRKREE1Ck5EbGlOV05tTFRRMU5UTXROR1ZrTWkxaE5qUTFMV1ZoTkRkaVlqVXpZMkUxWkRDQ0FhSXdEUVlKS29aSWh2Y04KQVFFQkJRQURnZ0dQQURDQ0FZb0NnZ0dCQU5zZ3pIT2VPeGVyZk1tV3Z0L3BacjZtMG55b1ExVFVZRHRWK1hJcwpnTGFhWGJ1djhLSmdJNFpLMkEvOFN6LzRHbXo1RVNqK0pLWHRRdjY5WU45dmR2b0VuZzJpbXdnTlNDOWE5WG1wCkJUUHZDcGhSZUg5NmdsM3hFZjA3RGIzeFJBV3JiU0RXdEVvQjRORkM5S0pCc0dhdmR4aFVvWlBZUTFINC8rN2YKWitoZ0ZSUE54TE10eFNhdi8ydjc2UlgzOHUvdUUzZVRpeTNRM0lrT01EbkFGWEIyNUVCM2tsSHNvT3AwdjYvVAp5ZklKVGRPWXMwQ3BCQzJrZTMzK2ZJek5CWS9YZ21oeEdHNVNaTU5TMlVFSmtnTU5zRStkR0ZGVFJWYi9PREFkCkNPWmtBQlpWZEZrMWRhcmZHd2ZIUitJQytTVFgyRFllNHpXeFQ1NkZ0VWlnQ3pBRTljSXZRbm1BaktUd2k5b0MKRnRPT2pMRjVnY3VmTHFPNDZDcGxJTzFsUzNKQW9Id3F6WE5LaFpWYk1DU3FONDA5OGlpZndjbWlHTk5GSStXNwpOS24vZGFZR0I3TVFmUXZjY09YOWpBUEFQT0loR1h6SDBvdTNwd2NYNVk1OUwwWFBmZThzNEd4MWZ4Q2Y2VWI5CnhHT05Yc2htWW8wR1djbTFTUUVxUWZTWGdRSURBUUFCbzBJd1FEQU9CZ05WSFE4QkFmOEVCQU1DQWdRd0R3WUQKVlIwVEFRSC9CQVV3QXdFQi96QWRCZ05WSFE0RUZnUVUzeTlYT1paVEUxTjhEeU13ckUyUHR1WWhGSEl3RFFZSgpLb1pJaHZjTkFRRUxCUUFEZ2dHQkFLYjdUNlpxVzB1cENENXEzR3VXS3F6VEpLNnR1QTFoOW5zV0FpeUZSbEdJCmVZekY2aTluWVplNEZOUFVabnRVNDE3UmUySXdid1N0Z1BmUlN4TjZGdUNUNi80eElEQ09ERGdvVmNwYnpyMGIKcmEzM1dxU3R0ZTJkQzQ3WDZ4K0szUTN4eW9xckdoN0JUUDRSR1djRlhyT1J4OWQrb3IxdUpzb0FLLzNIemc2RQpiRG1DSU82d0lxWHVaTzF0SkxqVE5jcWJGMWwzMTNoZ05ER0Y2bmVOMlVWeCt6Uzd6SHpETEVacm43TE8xZ3VtCmJEY29lRTJFZm1nR0ZkWHZ5elNYOHROeHUrZDVTU29sdllYa3ZwMC9TaHk1cVpwWXJZTkJoK3NiZWRyNGxTTGoKcTRWeUc4Zjdac2M0NEN3UVo0Y3lHZ01QMEtmT29oOWpFMmJPRzFNZTJFVElwOWtuRmJhLzFDZU13Zld5dG9SZAo2Ky9wdk5BUTZpY21KVVI1bUhwRW9HNFNleWV6ZVdWQTlJMm84L0tvVDZmTDFad0NqOTRxT2JwODVkaEFwNXVzCmN6ajRRRC8xZTJOclRkNGsrbjAvM0cwOGNITENYZ0lQcnZBMjJhVUs4bmwyb0RCRDVYKzJyMWxYTXRib0hmdncKemQ3dmJSMzdlVndCdXBMQVlpMG1Ydz09Ci0tLS0tRU5EIENFUlRJRklDQVRFLS0tLS0K"
              }
            ],
            "master_authorized_networks_config": [],
            "master_version": "1.27.8-gke.1067004",
            "mesh_certificates": [],
            "min_master_version": null,
            "monitoring_config": [
              {
                "advanced_datapath_observability_config": [
                  {
                    "enable_metrics": false,
                    "enable_relay": false,
                    "relay_mode": "DISABLED"
                  }
                ],
                "enable_components": [
                  "SYSTEM_COMPONENTS"
                ],
                "managed_prometheus": [
                  {
                    "enabled": true
                  }
                ]
              }
            ],
            "monitoring_service": "monitoring.googleapis.com/kubernetes",
            "name": "cluster-us",
            "network": "projects/vikraya-deployment/global/networks/vikraya-network",
            "network_policy": [
              {
                "enabled": false,
                "provider": "PROVIDER_UNSPECIFIED"
              }
            ],
            "networking_mode": "VPC_NATIVE",
            "node_config": [
              {
                "advanced_machine_features": [],
                "boot_disk_kms_key": "",
                "confidential_nodes": [],
                "disk_size_gb": 100,
                "disk_type": "pd-standard",
                "effective_taints": [],
                "enable_confidential_storage": false,
                "ephemeral_storage_local_ssd_config": [],
                "fast_socket": [],
                "gcfs_config": [],
                "guest_accelerator": [],
                "gvnic": [],
                "host_maintenance_policy": [],
                "image_type": "COS_CONTAINERD",
                "kubelet_config": [],
                "labels": {},
                "linux_node_config": [],
                "local_nvme_ssd_block_config": [],
                "local_ssd_count": 0,
                "logging_variant": "DEFAULT",
                "machine_type": "e2-medium",
                "metadata": {
                  "disable-legacy-endpoints": "true"
                },
                "min_cpu_platform": "",
                "node_group": "",
                "oauth_scopes": [
                  "https://www.googleapis.com/auth/cloud-platform"
                ],
                "preemptible": false,
                "reservation_affinity": [],
                "resource_labels": {},
                "resource_manager_tags": {},
                "service_account": "default",
                "shielded_instance_config": [
                  {
                    "enable_integrity_monitoring": true,
                    "enable_secure_boot": false
                  }
                ],
                "sole_tenant_config": [],
                "spot": false,
                "tags": [],
                "taint": [],
                "workload_metadata_config": []
              }
            ],
            "node_locations": [],
            "node_pool": [
              {
                "autoscaling": [],
                "initial_node_count": 1,
                "instance_group_urls": [
                  "https://www.googleapis.com/compute/v1/projects/vikraya-deployment/zones/us-central1-a/instanceGroupManagers/gke-cluster-us-default-pool-83c5e7bb-grp"
                ],
                "managed_instance_group_urls": [
                  "https://www.googleapis.com/compute/v1/projects/vikraya-deployment/zones/us-central1-a/instanceGroups/gke-cluster-us-default-pool-83c5e7bb-grp"
                ],
                "management": [
                  {
                    "auto_repair": true,
                    "auto_upgrade": true
                  }
                ],
                "max_pods_per_node": 110,
                "name": "default-pool",
                "name_prefix": "",
                "network_config": [
                  {
                    "create_pod_range": false,
                    "enable_private_nodes": false,
                    "network_performance_config": [],
                    "pod_cidr_overprovision_config": [],
                    "pod_ipv4_cidr_block": "10.208.0.0/14",
                    "pod_range": "gke-cluster-us-pods-de2a63e6"
                  }
                ],
                "node_config": [
                  {
                    "advanced_machine_features": [],
                    "boot_disk_kms_key": "",
                    "confidential_nodes": [],
                    "disk_size_gb": 100,
                    "disk_type": "pd-standard",
                    "effective_taints": [],
                    "enable_confidential_storage": false,
                    "ephemeral_storage_local_ssd_config": [],
                    "fast_socket": [],
                    "gcfs_config": [],
                    "guest_accelerator": [],
                    "gvnic": [],
                    "host_maintenance_policy": [],
                    "image_type": "COS_CONTAINERD",
                    "kubelet_config": [],
                    "labels": {},
                    "linux_node_config": [],
                    "local_nvme_ssd_block_config": [],
                    "local_ssd_count": 0,
                    "logging_variant": "DEFAULT",
                    "machine_type": "e2-medium",
                    "metadata": {
                      "disable-legacy-endpoints": "true"
                    },
                    "min_cpu_platform": "",
                    "node_group": "",
                    "oauth_scopes": [
                      "https://www.googleapis.com/auth/cloud-platform"
                    ],
                    "preemptible": false,
                    "reservation_affinity": [],
                    "resource_labels": {},
                    "resource_manager_tags": {},
                    "service_account": "default",
                    "shielded_instance_config": [
                      {
                        "enable_integrity_monitoring": true,
                        "enable_secure_boot": false
                      }
                    ],
                    "sole_tenant_config": [],
                    "spot": false,
                    "tags": [],
                    "taint": [],
                    "workload_metadata_config": []
                  }
                ],
                "node_count": 1,
                "node_locations": [
                  "us-central1-a"
                ],
                "placement_policy": [],
                "upgrade_settings": [
                  {
                    "blue_green_settings": [],
                    "max_surge": 1,
                    "max_unavailable": 0,
                    "strategy": "SURGE"
                  }
                ],
                "version": "1.27.8-gke.1067004"
              }
            ],
            "node_pool_auto_config": [],
            "node_pool_defaults": [
              {
                "node_config_defaults": [
                  {
                    "logging_variant": "DEFAULT"
                  }
                ]
              }
            ],
            "node_version": "1.27.8-gke.1067004",
            "notification_config": [
              {
                "pubsub": [
                  {
                    "enabled": false,
                    "filter": [],
                    "topic": ""
                  }
                ]
              }
            ],
            "operation": null,
            "private_cluster_config": [
              {
                "enable_private_endpoint": false,
                "enable_private_nodes": false,
                "master_global_access_config": [
                  {
                    "enabled": false
                  }
                ],
                "master_ipv4_cidr_block": "",
                "peering_name": "",
                "private_endpoint": "192.168.2.2",
                "private_endpoint_subnetwork": "",
                "public_endpoint": "34.132.129.196"
              }
            ],
            "private_ipv6_google_access": "",
            "project": "vikraya-deployment",
            "release_channel": [
              {
                "channel": "REGULAR"
              }
            ],
            "remove_default_node_pool": null,
            "resource_labels": {},
            "resource_usage_export_config": [],
            "security_posture_config": [
              {
                "mode": "BASIC",
                "vulnerability_mode": "VULNERABILITY_MODE_UNSPECIFIED"
              }
            ],
            "self_link": "https://container.googleapis.com/v1/projects/vikraya-deployment/zones/us-central1-a/clusters/cluster-us",
            "service_external_ips_config": [
              {
                "enabled": false
              }
            ],
            "services_ipv4_cidr": "10.212.0.0/20",
            "subnetwork": "projects/vikraya-deployment/regions/us-central1/subnetworks/subnet-us",
            "timeouts": null,
            "tpu_ipv4_cidr_block": "",
            "vertical_pod_autoscaling": [],
            "workload_identity_config": []
          },
          "sensitive_attributes": [],
          "private": "eyJlMmJmYjczMC1lY2FhLTExZTYtOGY4OC0zNDM2M2JjN2M0YzAiOnsiY3JlYXRlIjoyNDAwMDAwMDAwMDAwLCJkZWxldGUiOjI0MDAwMDAwMDAwMDAsInJlYWQiOjI0MDAwMDAwMDAwMDAsInVwZGF0ZSI6MzYwMDAwMDAwMDAwMH0sInNjaGVtYV92ZXJzaW9uIjoiMiJ9",
          "dependencies": [
            "google_compute_network.vikraya_network",
            "google_compute_subnetwork.subnet"
          ]
        }
      ]
    },
    {
      "mode": "managed",
      "type": "google_project_iam_member",
      "name": "aiplatform_user",
      "provider": "provider[\"registry.terraform.io/hashicorp/google\"]",
      "instances": [
        {
          "schema_version": 0,
          "attributes": {
            "condition": [],
            "etag": "BwYTntU8knE=",
            "id": "vikraya-deployment/roles/aiplatform.user/serviceAccount:vector-search-api@vikraya-deployment.iam.gserviceaccount.com",
            "member": "serviceAccount:vector-search-api@vikraya-deployment.iam.gserviceaccount.com",
            "project": "vikraya-deployment",
            "role": "roles/aiplatform.user"
          },
          "sensitive_attributes": [],
          "private": "bnVsbA==",
          "dependencies": [
            "google_service_account.vector_search_api"
          ]
        }
      ]
    },
    {
      "mode": "managed",
      "type": "google_redis_instance",
      "name": "basic_redis",
      "provider": "provider[\"registry.terraform.io/hashicorp/google\"]",
      "instances": [
        {
          "schema_version": 0,
          "attributes": {
            "alternative_location_id": "",
            "auth_enabled": true,
            "auth_string": "800cfb8e-b6c8-48f9-884d-89c66fb56876",
            "authorized_network": "projects/vikraya-deployment/global/networks/vikraya-network",
            "connect_mode": "PRIVATE_SERVICE_ACCESS",
            "create_time": "2024-03-14T13:51:22.550292411Z",
            "current_location_id": "asia-south2-b",
            "customer_managed_key": "",
            "display_name": "",
            "effective_labels": {},
            "host": "10.124.0.3",
            "id": "projects/vikraya-deployment/locations/asia-south2/instances/basic-redis",
            "labels": {},
            "location_id": "asia-south2-b",
            "maintenance_policy": [],
            "maintenance_schedule": [],
            "memory_size_gb": 1,
            "name": "basic-redis",
            "nodes": [
              {
                "id": "node-0",
                "zone": "asia-south2-b"
              }
            ],
            "persistence_config": [
              {
                "persistence_mode": "DISABLED",
                "rdb_next_snapshot_time": "",
                "rdb_snapshot_period": "",
                "rdb_snapshot_start_time": ""
              }
            ],
            "persistence_iam_identity": "serviceAccount:service-628675546422@cloud-redis.iam.gserviceaccount.com",
            "port": 6379,
            "project": "vikraya-deployment",
            "read_endpoint": "",
            "read_endpoint_port": 0,
            "read_replicas_mode": "READ_REPLICAS_DISABLED",
            "redis_configs": {
              "notify-keyspace-events": "E"
            },
            "redis_version": "REDIS_7_0",
            "region": "asia-south2",
            "replica_count": 0,
            "reserved_ip_range": null,
            "secondary_ip_range": "",
            "server_ca_certs": [],
            "terraform_labels": {},
            "tier": "BASIC",
            "timeouts": null,
            "transit_encryption_mode": "DISABLED"
          },
          "sensitive_attributes": [],
          "private": "eyJlMmJmYjczMC1lY2FhLTExZTYtOGY4OC0zNDM2M2JjN2M0YzAiOnsiY3JlYXRlIjoxMjAwMDAwMDAwMDAwLCJkZWxldGUiOjEyMDAwMDAwMDAwMDAsInVwZGF0ZSI6MTIwMDAwMDAwMDAwMH19",
          "dependencies": [
            "google_compute_network.vikraya_network"
          ]
        }
      ]
    },
    {
      "mode": "managed",
      "type": "google_service_account",
      "name": "gateway_api",
      "provider": "provider[\"registry.terraform.io/hashicorp/google\"]",
      "instances": [
        {
          "schema_version": 0,
          "attributes": {
            "account_id": "gateway-api",
            "create_ignore_already_exists": null,
            "description": "",
            "disabled": false,
            "display_name": "gateway-api",
            "email": "gateway-api@vikraya-deployment.iam.gserviceaccount.com",
            "id": "projects/vikraya-deployment/serviceAccounts/gateway-api@vikraya-deployment.iam.gserviceaccount.com",
            "member": "serviceAccount:gateway-api@vikraya-deployment.iam.gserviceaccount.com",
            "name": "projects/vikraya-deployment/serviceAccounts/gateway-api@vikraya-deployment.iam.gserviceaccount.com",
            "project": "vikraya-deployment",
            "timeouts": null,
            "unique_id": "116700698199907821696"
          },
          "sensitive_attributes": [],
          "private": "eyJlMmJmYjczMC1lY2FhLTExZTYtOGY4OC0zNDM2M2JjN2M0YzAiOnsiY3JlYXRlIjozMDAwMDAwMDAwMDB9fQ=="
        }
      ]
    },
    {
      "mode": "managed",
      "type": "google_service_account",
      "name": "vector_search_api",
      "provider": "provider[\"registry.terraform.io/hashicorp/google\"]",
      "instances": [
        {
          "schema_version": 0,
          "attributes": {
            "account_id": "vector-search-api",
            "create_ignore_already_exists": null,
            "description": "",
            "disabled": false,
            "display_name": "vector-search-api",
            "email": "vector-search-api@vikraya-deployment.iam.gserviceaccount.com",
            "id": "projects/vikraya-deployment/serviceAccounts/vector-search-api@vikraya-deployment.iam.gserviceaccount.com",
            "member": "serviceAccount:vector-search-api@vikraya-deployment.iam.gserviceaccount.com",
            "name": "projects/vikraya-deployment/serviceAccounts/vector-search-api@vikraya-deployment.iam.gserviceaccount.com",
            "project": "vikraya-deployment",
            "timeouts": null,
            "unique_id": "101150005684821171293"
          },
          "sensitive_attributes": [],
          "private": "eyJlMmJmYjczMC1lY2FhLTExZTYtOGY4OC0zNDM2M2JjN2M0YzAiOnsiY3JlYXRlIjozMDAwMDAwMDAwMDB9fQ=="
        }
      ]
    },
    {
      "mode": "managed",
      "type": "google_service_networking_connection",
      "name": "private_vpc_connection",
      "provider": "provider[\"registry.terraform.io/hashicorp/google\"]",
      "instances": [
        {
          "schema_version": 0,
          "attributes": {
            "deletion_policy": null,
            "id": "https%3A%2F%2Fwww.googleapis.com%2Fcompute%2Fv1%2Fprojects%2Fvikraya-deployment%2Fglobal%2Fnetworks%2Fvikraya-network:servicenetworking.googleapis.com",
            "network": "https://www.googleapis.com/compute/v1/projects/vikraya-deployment/global/networks/vikraya-network",
            "peering": "servicenetworking-googleapis-com",
            "reserved_peering_ranges": [
              "private-ip-address"
            ],
            "service": "servicenetworking.googleapis.com",
            "timeouts": null
          },
          "sensitive_attributes": [],
          "private": "eyJlMmJmYjczMC1lY2FhLTExZTYtOGY4OC0zNDM2M2JjN2M0YzAiOnsiY3JlYXRlIjo2MDAwMDAwMDAwMDAsImRlbGV0ZSI6NjAwMDAwMDAwMDAwLCJ1cGRhdGUiOjYwMDAwMDAwMDAwMH19",
          "dependencies": [
            "google_compute_global_address.private_ip_address",
            "google_compute_network.vikraya_network"
          ]
        }
      ]
    }
  ],
  "check_results": null
}
